
Microsoft Visual Studio Solution File, Format Version 12.00
# Visual Studio Version 16
VisualStudioVersion = 16.0.31025.194
MinimumVisualStudioVersion = 10.0.40219.1
Project("{FAE04EC0-301F-11D3-BF4B-00C04F79EFBC}") = "ExerciseDataGridView", "ExerciseDataGridView\ExerciseDataGridView.csproj", "{09A563DA-87E3-49E2-9BC7-C65B21096A38}"
EndProject
Global
	GlobalSection(SolutionConfigurationPlatforms) = preSolution
		Debug|Any CPU = Debug|Any CPU
		Release|Any CPU = Release|Any CPU
	EndGlobalSection
	GlobalSection(ProjectConfigurationPlatforms) = postSolution
		{09A563DA-87E3-49E2-9BC7-C65B21096A38}.Debug|Any CPU.ActiveCfg = Debug|Any CPU
		{09A563DA-87E3-49E2-9BC7-C65B21096A38}.Debug|Any CPU.Build.0 = Debug|Any CPU
		{09A563DA-87E3-49E2-9BC7-C65B21096A38}.Release|Any CPU.ActiveCfg = Release|Any CPU
		{09A563DA-87E3-49E2-9BC7-C65B21096A38}.Release|Any CPU.Build.0 = Release|Any CPU
	EndGlobalSection
	GlobalSection(SolutionProperties) = preSolution
		HideSolutionNode = FALSE
	EndGlobalSection
	GlobalSection(ExtensibilityGlobals) = postSolution
		SolutionGuid = {F8A3BB67-1738-4881-9061-FFA66AC2C8F0}
	EndGlobalSection
EndGlobal
